
Microsoft Visual Studio Solution File, Format Version 12.00
# Visual Studio Version 16
VisualStudioVersion = 16.0.31624.102
MinimumVisualStudioVersion = 10.0.40219.1
Project("{FAE04EC0-301F-11D3-BF4B-00C04F79EFBC}") = "MarketPlaceCoreTeamCaseStudy-IsaacHolden", "MarketPlaceCoreTeamCaseStudy-IsaacHolden\MarketPlaceCoreTeamCaseStudy-IsaacHolden.csproj", "{C6B62216-4F70-4176-A9CF-FFB196C8C2EA}"
EndProject
Project("{FAE04EC0-301F-11D3-BF4B-00C04F79EFBC}") = "DataLibrary", "DataLibrary\DataLibrary.csproj", "{7077DED6-8655-4F15-8CC5-BE6792CFC3A5}"
EndProject
Global
	GlobalSection(SolutionConfigurationPlatforms) = preSolution
		Debug|Any CPU = Debug|Any CPU
		Release|Any CPU = Release|Any CPU
	EndGlobalSection
	GlobalSection(ProjectConfigurationPlatforms) = postSolution
		{C6B62216-4F70-4176-A9CF-FFB196C8C2EA}.Debug|Any CPU.ActiveCfg = Debug|Any CPU
		{C6B62216-4F70-4176-A9CF-FFB196C8C2EA}.Debug|Any CPU.Build.0 = Debug|Any CPU
		{C6B62216-4F70-4176-A9CF-FFB196C8C2EA}.Release|Any CPU.ActiveCfg = Release|Any CPU
		{C6B62216-4F70-4176-A9CF-FFB196C8C2EA}.Release|Any CPU.Build.0 = Release|Any CPU
		{7077DED6-8655-4F15-8CC5-BE6792CFC3A5}.Debug|Any CPU.ActiveCfg = Debug|Any CPU
		{7077DED6-8655-4F15-8CC5-BE6792CFC3A5}.Debug|Any CPU.Build.0 = Debug|Any CPU
		{7077DED6-8655-4F15-8CC5-BE6792CFC3A5}.Release|Any CPU.ActiveCfg = Release|Any CPU
		{7077DED6-8655-4F15-8CC5-BE6792CFC3A5}.Release|Any CPU.Build.0 = Release|Any CPU
	EndGlobalSection
	GlobalSection(SolutionProperties) = preSolution
		HideSolutionNode = FALSE
	EndGlobalSection
	GlobalSection(ExtensibilityGlobals) = postSolution
		SolutionGuid = {6697F663-0939-438C-89DD-EA8C9C8ED478}
	EndGlobalSection
EndGlobal
